// !$*UTF8*$!
{
	archiveVersion = 1;
	classes = {
	};
	objectVersion = 52;
	objects = {

/* Begin PBXBuildFile section */
		D531938826653479005A14CC /* PeoplePlacesOrganisationDetection.swift in Sources */ = {isa = PBXBuildFile; fileRef = D531938726653479005A14CC /* PeoplePlacesOrganisationDetection.swift */; };
		D53BC1032675EF9500002AD7 /* Translate_it_macOSApp.swift in Sources */ = {isa = PBXBuildFile; fileRef = D53BC1022675EF9500002AD7 /* Translate_it_macOSApp.swift */; };
		D53BC1052675EF9500002AD7 /* ContentView.swift in Sources */ = {isa = PBXBuildFile; fileRef = D53BC1042675EF9500002AD7 /* ContentView.swift */; };
		D53BC1072675EF9A00002AD7 /* Assets.xcassets in Resources */ = {isa = PBXBuildFile; fileRef = D53BC1062675EF9A00002AD7 /* Assets.xcassets */; };
		D53BC10A2675EF9A00002AD7 /* Preview Assets.xcassets in Resources */ = {isa = PBXBuildFile; fileRef = D53BC1092675EF9A00002AD7 /* Preview Assets.xcassets */; };
		D53BC1102675EFE900002AD7 /* PositivityDetection 1.mlmodel in Sources */ = {isa = PBXBuildFile; fileRef = D55401492664C3E400FAF503 /* PositivityDetection 1.mlmodel */; };
		D53BC1182676267E00002AD7 /* SettingsView.swift in Sources */ = {isa = PBXBuildFile; fileRef = D53BC1172676248F00002AD7 /* SettingsView.swift */; };
		D53BC1192676268400002AD7 /* Translation.swift in Sources */ = {isa = PBXBuildFile; fileRef = D53BC11626760FA300002AD7 /* Translation.swift */; };
		D53BC11B267627B100002AD7 /* LanguageDetection.swift in Sources */ = {isa = PBXBuildFile; fileRef = D53BC11A267627B100002AD7 /* LanguageDetection.swift */; };
		D53BC11D267627C300002AD7 /* TextSpeechClassification.swift in Sources */ = {isa = PBXBuildFile; fileRef = D53BC11C267627C300002AD7 /* TextSpeechClassification.swift */; };
		D53BC11F267627D900002AD7 /* PositivityDetection.swift in Sources */ = {isa = PBXBuildFile; fileRef = D53BC11E267627D900002AD7 /* PositivityDetection.swift */; };
		D53BC121267627F500002AD7 /* PeoplePlacesOrganisationDetection.swift in Sources */ = {isa = PBXBuildFile; fileRef = D53BC120267627F500002AD7 /* PeoplePlacesOrganisationDetection.swift */; };
		D53BC12626764E3600002AD7 /* SmartReply.swift in Sources */ = {isa = PBXBuildFile; fileRef = D53BC12426764E3200002AD7 /* SmartReply.swift */; };
		D53CC44E2677FDB200A65E5A /* SwiftyTranslate in Frameworks */ = {isa = PBXBuildFile; productRef = D53CC44D2677FDB200A65E5A /* SwiftyTranslate */; };
		D545285F2667BDE90080B35E /* TextSpeechClassification.swift in Sources */ = {isa = PBXBuildFile; fileRef = D545285E2667BDE90080B35E /* TextSpeechClassification.swift */; };
		D549D08126601E1C00BEC18D /* Translate_itApp.swift in Sources */ = {isa = PBXBuildFile; fileRef = D549D08026601E1C00BEC18D /* Translate_itApp.swift */; };
		D549D08326601E1C00BEC18D /* ContentView.swift in Sources */ = {isa = PBXBuildFile; fileRef = D549D08226601E1C00BEC18D /* ContentView.swift */; };
		D549D08526601E1E00BEC18D /* Assets.xcassets in Resources */ = {isa = PBXBuildFile; fileRef = D549D08426601E1E00BEC18D /* Assets.xcassets */; };
		D549D08826601E1E00BEC18D /* Preview Assets.xcassets in Resources */ = {isa = PBXBuildFile; fileRef = D549D08726601E1E00BEC18D /* Preview Assets.xcassets */; };
		D549D09026601E6500BEC18D /* Settings.bundle in Resources */ = {isa = PBXBuildFile; fileRef = D549D08F26601E6500BEC18D /* Settings.bundle */; };
		D554014A2664C3E400FAF503 /* PositivityDetection 1.mlmodel in Sources */ = {isa = PBXBuildFile; fileRef = D55401492664C3E400FAF503 /* PositivityDetection 1.mlmodel */; };
		D5D2C994266A702D00E3F53A /* LanguageDetection.swift in Sources */ = {isa = PBXBuildFile; fileRef = D5D2C993266A702D00E3F53A /* LanguageDetection.swift */; };
		D5D2C996266A765D00E3F53A /* Translation.swift in Sources */ = {isa = PBXBuildFile; fileRef = D5D2C995266A765C00E3F53A /* Translation.swift */; };
		D5F5FD8F2662B7350000C17A /* PositivityDetection.swift in Sources */ = {isa = PBXBuildFile; fileRef = D5F5FD8E2662B7350000C17A /* PositivityDetection.swift */; };
		EA85115F538803E1C26F61A1 /* Pods_Translate_it_iOS.framework in Frameworks */ = {isa = PBXBuildFile; fileRef = F87DCDEE98FE378B4A197C53 /* Pods_Translate_it_iOS.framework */; };
/* End PBXBuildFile section */

/* Begin PBXFileReference section */
		33EE05F6F412D3EEBCD77822 /* Pods-Translate.it iOS.debug.xcconfig */ = {isa = PBXFileReference; includeInIndex = 1; lastKnownFileType = text.xcconfig; name = "Pods-Translate.it iOS.debug.xcconfig"; path = "Target Support Files/Pods-Translate.it iOS/Pods-Translate.it iOS.debug.xcconfig"; sourceTree = "<group>"; };
		3B8FF87148FDCE07A4656893 /* Pods-Translate.it iOS.release.xcconfig */ = {isa = PBXFileReference; includeInIndex = 1; lastKnownFileType = text.xcconfig; name = "Pods-Translate.it iOS.release.xcconfig"; path = "Target Support Files/Pods-Translate.it iOS/Pods-Translate.it iOS.release.xcconfig"; sourceTree = "<group>"; };
		4DE07418FCC97F015F68CBD7 /* Pods-Translate.it.debug.xcconfig */ = {isa = PBXFileReference; includeInIndex = 1; lastKnownFileType = text.xcconfig; name = "Pods-Translate.it.debug.xcconfig"; path = "Target Support Files/Pods-Translate.it/Pods-Translate.it.debug.xcconfig"; sourceTree = "<group>"; };
		CDEE6A324F93FE70405595C2 /* Pods-Translate.it.release.xcconfig */ = {isa = PBXFileReference; includeInIndex = 1; lastKnownFileType = text.xcconfig; name = "Pods-Translate.it.release.xcconfig"; path = "Target Support Files/Pods-Translate.it/Pods-Translate.it.release.xcconfig"; sourceTree = "<group>"; };
		D531938726653479005A14CC /* PeoplePlacesOrganisationDetection.swift */ = {isa = PBXFileReference; lastKnownFileType = sourcecode.swift; path = PeoplePlacesOrganisationDetection.swift; sourceTree = "<group>"; };
		D53BC1002675EF9500002AD7 /* Translate.it.app */ = {isa = PBXFileReference; explicitFileType = wrapper.application; includeInIndex = 0; path = Translate.it.app; sourceTree = BUILT_PRODUCTS_DIR; };
		D53BC1022675EF9500002AD7 /* Translate_it_macOSApp.swift */ = {isa = PBXFileReference; lastKnownFileType = sourcecode.swift; path = Translate_it_macOSApp.swift; sourceTree = "<group>"; };
		D53BC1042675EF9500002AD7 /* ContentView.swift */ = {isa = PBXFileReference; lastKnownFileType = sourcecode.swift; path = ContentView.swift; sourceTree = "<group>"; };
		D53BC1062675EF9A00002AD7 /* Assets.xcassets */ = {isa = PBXFileReference; lastKnownFileType = folder.assetcatalog; path = Assets.xcassets; sourceTree = "<group>"; };
		D53BC1092675EF9A00002AD7 /* Preview Assets.xcassets */ = {isa = PBXFileReference; lastKnownFileType = folder.assetcatalog; path = "Preview Assets.xcassets"; sourceTree = "<group>"; };
		D53BC10B2675EF9A00002AD7 /* Info.plist */ = {isa = PBXFileReference; lastKnownFileType = text.plist.xml; path = Info.plist; sourceTree = "<group>"; };
		D53BC10C2675EF9A00002AD7 /* Translate_it_macOS.entitlements */ = {isa = PBXFileReference; lastKnownFileType = text.plist.entitlements; path = Translate_it_macOS.entitlements; sourceTree = "<group>"; };
		D53BC11626760FA300002AD7 /* Translation.swift */ = {isa = PBXFileReference; lastKnownFileType = sourcecode.swift; path = Translation.swift; sourceTree = "<group>"; };
		D53BC1172676248F00002AD7 /* SettingsView.swift */ = {isa = PBXFileReference; lastKnownFileType = sourcecode.swift; path = SettingsView.swift; sourceTree = "<group>"; };
		D53BC11A267627B100002AD7 /* LanguageDetection.swift */ = {isa = PBXFileReference; lastKnownFileType = sourcecode.swift; path = LanguageDetection.swift; sourceTree = "<group>"; };
		D53BC11C267627C300002AD7 /* TextSpeechClassification.swift */ = {isa = PBXFileReference; lastKnownFileType = sourcecode.swift; path = TextSpeechClassification.swift; sourceTree = "<group>"; };
		D53BC11E267627D900002AD7 /* PositivityDetection.swift */ = {isa = PBXFileReference; lastKnownFileType = sourcecode.swift; path = PositivityDetection.swift; sourceTree = "<group>"; };
		D53BC120267627F500002AD7 /* PeoplePlacesOrganisationDetection.swift */ = {isa = PBXFileReference; lastKnownFileType = sourcecode.swift; path = PeoplePlacesOrganisationDetection.swift; sourceTree = "<group>"; };
		D53BC12426764E3200002AD7 /* SmartReply.swift */ = {isa = PBXFileReference; lastKnownFileType = sourcecode.swift; path = SmartReply.swift; sourceTree = "<group>"; };
		D53CC4482677C2FF00A65E5A /* Pods_Translate_it.framework */ = {isa = PBXFileReference; explicitFileType = wrapper.framework; path = Pods_Translate_it.framework; sourceTree = BUILT_PRODUCTS_DIR; };
		D545285E2667BDE90080B35E /* TextSpeechClassification.swift */ = {isa = PBXFileReference; lastKnownFileType = sourcecode.swift; path = TextSpeechClassification.swift; sourceTree = "<group>"; };
		D549D07D26601E1C00BEC18D /* Translate.it iOS.app */ = {isa = PBXFileReference; explicitFileType = wrapper.application; includeInIndex = 0; path = "Translate.it iOS.app"; sourceTree = BUILT_PRODUCTS_DIR; };
		D549D08026601E1C00BEC18D /* Translate_itApp.swift */ = {isa = PBXFileReference; lastKnownFileType = sourcecode.swift; path = Translate_itApp.swift; sourceTree = "<group>"; };
		D549D08226601E1C00BEC18D /* ContentView.swift */ = {isa = PBXFileReference; lastKnownFileType = sourcecode.swift; path = ContentView.swift; sourceTree = "<group>"; };
		D549D08426601E1E00BEC18D /* Assets.xcassets */ = {isa = PBXFileReference; lastKnownFileType = folder.assetcatalog; path = Assets.xcassets; sourceTree = "<group>"; };
		D549D08726601E1E00BEC18D /* Preview Assets.xcassets */ = {isa = PBXFileReference; lastKnownFileType = folder.assetcatalog; path = "Preview Assets.xcassets"; sourceTree = "<group>"; };
		D549D08926601E1E00BEC18D /* Info.plist */ = {isa = PBXFileReference; lastKnownFileType = text.plist.xml; path = Info.plist; sourceTree = "<group>"; };
		D549D08F26601E6500BEC18D /* Settings.bundle */ = {isa = PBXFileReference; lastKnownFileType = "wrapper.plug-in"; path = Settings.bundle; sourceTree = "<group>"; };
		D55401492664C3E400FAF503 /* PositivityDetection 1.mlmodel */ = {isa = PBXFileReference; lastKnownFileType = file.mlmodel; path = "PositivityDetection 1.mlmodel"; sourceTree = "<group>"; };
		D5D2C993266A702D00E3F53A /* LanguageDetection.swift */ = {isa = PBXFileReference; lastKnownFileType = sourcecode.swift; path = LanguageDetection.swift; sourceTree = "<group>"; };
		D5D2C995266A765C00E3F53A /* Translation.swift */ = {isa = PBXFileReference; lastKnownFileType = sourcecode.swift; path = Translation.swift; sourceTree = "<group>"; };
		D5F5FD8E2662B7350000C17A /* PositivityDetection.swift */ = {isa = PBXFileReference; lastKnownFileType = sourcecode.swift; path = PositivityDetection.swift; sourceTree = "<group>"; };
		F87DCDEE98FE378B4A197C53 /* Pods_Translate_it_iOS.framework */ = {isa = PBXFileReference; explicitFileType = wrapper.framework; includeInIndex = 0; path = Pods_Translate_it_iOS.framework; sourceTree = BUILT_PRODUCTS_DIR; };
/* End PBXFileReference section */

/* Begin PBXFrameworksBuildPhase section */
		D53BC0FD2675EF9500002AD7 /* Frameworks */ = {
			isa = PBXFrameworksBuildPhase;
			buildActionMask = 2147483647;
			files = (
				D53CC44E2677FDB200A65E5A /* SwiftyTranslate in Frameworks */,
			);
			runOnlyForDeploymentPostprocessing = 0;
		};
		D549D07A26601E1B00BEC18D /* Frameworks */ = {
			isa = PBXFrameworksBuildPhase;
			buildActionMask = 2147483647;
			files = (
				EA85115F538803E1C26F61A1 /* Pods_Translate_it_iOS.framework in Frameworks */,
			);
			runOnlyForDeploymentPostprocessing = 0;
		};
/* End PBXFrameworksBuildPhase section */

/* Begin PBXGroup section */
		D53BC1012675EF9500002AD7 /* Translate.it macOS */ = {
			isa = PBXGroup;
			children = (
				D53BC1022675EF9500002AD7 /* Translate_it_macOSApp.swift */,
				D53BC1042675EF9500002AD7 /* ContentView.swift */,
				D53BC1062675EF9A00002AD7 /* Assets.xcassets */,
				D53BC10B2675EF9A00002AD7 /* Info.plist */,
				D53BC10C2675EF9A00002AD7 /* Translate_it_macOS.entitlements */,
				D53BC1082675EF9A00002AD7 /* Preview Content */,
				D53BC11626760FA300002AD7 /* Translation.swift */,
				D53BC1172676248F00002AD7 /* SettingsView.swift */,
				D53BC11A267627B100002AD7 /* LanguageDetection.swift */,
				D53BC11C267627C300002AD7 /* TextSpeechClassification.swift */,
				D53BC11E267627D900002AD7 /* PositivityDetection.swift */,
				D53BC120267627F500002AD7 /* PeoplePlacesOrganisationDetection.swift */,
			);
			path = "Translate.it macOS";
			sourceTree = "<group>";
		};
		D53BC1082675EF9A00002AD7 /* Preview Content */ = {
			isa = PBXGroup;
			children = (
				D53BC1092675EF9A00002AD7 /* Preview Assets.xcassets */,
			);
			path = "Preview Content";
			sourceTree = "<group>";
		};
		D549D07426601E1B00BEC18D = {
			isa = PBXGroup;
			children = (
				D549D07F26601E1C00BEC18D /* Translate.it */,
				D53BC1012675EF9500002AD7 /* Translate.it macOS */,
				D549D07E26601E1C00BEC18D /* Products */,
				D57835F087EDC07E7431729B /* Pods */,
				EEA3EB558D27563AB6F5E676 /* Frameworks */,
			);
			sourceTree = "<group>";
		};
		D549D07E26601E1C00BEC18D /* Products */ = {
			isa = PBXGroup;
			children = (
				D549D07D26601E1C00BEC18D /* Translate.it iOS.app */,
				D53BC1002675EF9500002AD7 /* Translate.it.app */,
			);
			name = Products;
			sourceTree = "<group>";
		};
		D549D07F26601E1C00BEC18D /* Translate.it */ = {
			isa = PBXGroup;
			children = (
				D549D08026601E1C00BEC18D /* Translate_itApp.swift */,
				D549D08226601E1C00BEC18D /* ContentView.swift */,
				D549D08426601E1E00BEC18D /* Assets.xcassets */,
				D55401492664C3E400FAF503 /* PositivityDetection 1.mlmodel */,
				D549D08926601E1E00BEC18D /* Info.plist */,
				D549D08626601E1E00BEC18D /* Preview Content */,
				D549D08F26601E6500BEC18D /* Settings.bundle */,
				D5F5FD8E2662B7350000C17A /* PositivityDetection.swift */,
				D531938726653479005A14CC /* PeoplePlacesOrganisationDetection.swift */,
				D545285E2667BDE90080B35E /* TextSpeechClassification.swift */,
				D5D2C993266A702D00E3F53A /* LanguageDetection.swift */,
				D5D2C995266A765C00E3F53A /* Translation.swift */,
				D53BC12426764E3200002AD7 /* SmartReply.swift */,
			);
			path = Translate.it;
			sourceTree = "<group>";
		};
		D549D08626601E1E00BEC18D /* Preview Content */ = {
			isa = PBXGroup;
			children = (
				D549D08726601E1E00BEC18D /* Preview Assets.xcassets */,
			);
			path = "Preview Content";
			sourceTree = "<group>";
		};
		D57835F087EDC07E7431729B /* Pods */ = {
			isa = PBXGroup;
			children = (
				4DE07418FCC97F015F68CBD7 /* Pods-Translate.it.debug.xcconfig */,
				CDEE6A324F93FE70405595C2 /* Pods-Translate.it.release.xcconfig */,
				33EE05F6F412D3EEBCD77822 /* Pods-Translate.it iOS.debug.xcconfig */,
				3B8FF87148FDCE07A4656893 /* Pods-Translate.it iOS.release.xcconfig */,
			);
			path = Pods;
			sourceTree = "<group>";
		};
		EEA3EB558D27563AB6F5E676 /* Frameworks */ = {
			isa = PBXGroup;
			children = (
				D53CC4482677C2FF00A65E5A /* Pods_Translate_it.framework */,
				F87DCDEE98FE378B4A197C53 /* Pods_Translate_it_iOS.framework */,
			);
			name = Frameworks;
			sourceTree = "<group>";
		};
/* End PBXGroup section */

/* Begin PBXNativeTarget section */
		D53BC0FF2675EF9500002AD7 /* Translate.it */ = {
			isa = PBXNativeTarget;
			buildConfigurationList = D53BC10D2675EF9A00002AD7 /* Build configuration list for PBXNativeTarget "Translate.it" */;
			buildPhases = (
				D53BC0FC2675EF9500002AD7 /* Sources */,
				D53BC0FD2675EF9500002AD7 /* Frameworks */,
				D53BC0FE2675EF9500002AD7 /* Resources */,
			);
			buildRules = (
			);
			dependencies = (
			);
			name = Translate.it;
			packageProductDependencies = (
				D53CC44D2677FDB200A65E5A /* SwiftyTranslate */,
			);
			productName = "Translate.it macOS";
			productReference = D53BC1002675EF9500002AD7 /* Translate.it.app */;
			productType = "com.apple.product-type.application";
		};
		D549D07C26601E1B00BEC18D /* Translate.it iOS */ = {
			isa = PBXNativeTarget;
			buildConfigurationList = D549D08C26601E1E00BEC18D /* Build configuration list for PBXNativeTarget "Translate.it iOS" */;
			buildPhases = (
				6B7493A24C5673183C4E6CC7 /* [CP] Check Pods Manifest.lock */,
				D549D07926601E1B00BEC18D /* Sources */,
				D549D07A26601E1B00BEC18D /* Frameworks */,
				D549D07B26601E1B00BEC18D /* Resources */,
				47C8690588D25D9F012ABF34 /* [CP] Embed Pods Frameworks */,
				37DC69FAAC7C5FC5A7AFA6EE /* [CP] Copy Pods Resources */,
			);
			buildRules = (
			);
			dependencies = (
			);
			name = "Translate.it iOS";
			productName = Translate.it;
			productReference = D549D07D26601E1C00BEC18D /* Translate.it iOS.app */;
			productType = "com.apple.product-type.application";
		};
/* End PBXNativeTarget section */

/* Begin PBXProject section */
		D549D07526601E1B00BEC18D /* Project object */ = {
			isa = PBXProject;
			attributes = {
				LastSwiftUpdateCheck = 1250;
				LastUpgradeCheck = 1310;
				TargetAttributes = {
					D53BC0FF2675EF9500002AD7 = {
						CreatedOnToolsVersion = 12.5;
					};
					D549D07C26601E1B00BEC18D = {
						CreatedOnToolsVersion = 12.5;
					};
				};
			};
			buildConfigurationList = D549D07826601E1B00BEC18D /* Build configuration list for PBXProject "Translate.it" */;
			compatibilityVersion = "Xcode 9.3";
			developmentRegion = en;
			hasScannedForEncodings = 0;
			knownRegions = (
				en,
				Base,
			);
			mainGroup = D549D07426601E1B00BEC18D;
			packageReferences = (
				D53CC44C2677FDB200A65E5A /* XCRemoteSwiftPackageReference "SwiftyTranslate" */,
			);
			productRefGroup = D549D07E26601E1C00BEC18D /* Products */;
			projectDirPath = "";
			projectRoot = "";
			targets = (
				D549D07C26601E1B00BEC18D /* Translate.it iOS */,
				D53BC0FF2675EF9500002AD7 /* Translate.it */,
			);
		};
/* End PBXProject section */

/* Begin PBXResourcesBuildPhase section */
		D53BC0FE2675EF9500002AD7 /* Resources */ = {
			isa = PBXResourcesBuildPhase;
			buildActionMask = 2147483647;
			files = (
				D53BC10A2675EF9A00002AD7 /* Preview Assets.xcassets in Resources */,
				D53BC1072675EF9A00002AD7 /* Assets.xcassets in Resources */,
			);
			runOnlyForDeploymentPostprocessing = 0;
		};
		D549D07B26601E1B00BEC18D /* Resources */ = {
			isa = PBXResourcesBuildPhase;
			buildActionMask = 2147483647;
			files = (
				D549D08826601E1E00BEC18D /* Preview Assets.xcassets in Resources */,
				D549D09026601E6500BEC18D /* Settings.bundle in Resources */,
				D549D08526601E1E00BEC18D /* Assets.xcassets in Resources */,
			);
			runOnlyForDeploymentPostprocessing = 0;
		};
/* End PBXResourcesBuildPhase section */

/* Begin PBXShellScriptBuildPhase section */
		37DC69FAAC7C5FC5A7AFA6EE /* [CP] Copy Pods Resources */ = {
			isa = PBXShellScriptBuildPhase;
			buildActionMask = 2147483647;
			files = (
			);
			inputFileListPaths = (
				"${PODS_ROOT}/Target Support Files/Pods-Translate.it iOS/Pods-Translate.it iOS-resources-${CONFIGURATION}-input-files.xcfilelist",
			);
			name = "[CP] Copy Pods Resources";
			outputFileListPaths = (
				"${PODS_ROOT}/Target Support Files/Pods-Translate.it iOS/Pods-Translate.it iOS-resources-${CONFIGURATION}-output-files.xcfilelist",
			);
			runOnlyForDeploymentPostprocessing = 0;
			shellPath = /bin/sh;
			shellScript = "\"${PODS_ROOT}/Target Support Files/Pods-Translate.it iOS/Pods-Translate.it iOS-resources.sh\"\n";
			showEnvVarsInLog = 0;
		};
		47C8690588D25D9F012ABF34 /* [CP] Embed Pods Frameworks */ = {
			isa = PBXShellScriptBuildPhase;
			buildActionMask = 2147483647;
			files = (
			);
			inputFileListPaths = (
				"${PODS_ROOT}/Target Support Files/Pods-Translate.it iOS/Pods-Translate.it iOS-frameworks-${CONFIGURATION}-input-files.xcfilelist",
			);
			name = "[CP] Embed Pods Frameworks";
			outputFileListPaths = (
				"${PODS_ROOT}/Target Support Files/Pods-Translate.it iOS/Pods-Translate.it iOS-frameworks-${CONFIGURATION}-output-files.xcfilelist",
			);
			runOnlyForDeploymentPostprocessing = 0;
			shellPath = /bin/sh;
			shellScript = "\"${PODS_ROOT}/Target Support Files/Pods-Translate.it iOS/Pods-Translate.it iOS-frameworks.sh\"\n";
			showEnvVarsInLog = 0;
		};
		6B7493A24C5673183C4E6CC7 /* [CP] Check Pods Manifest.lock */ = {
			isa = PBXShellScriptBuildPhase;
			buildActionMask = 2147483647;
			files = (
			);
			inputFileListPaths = (
			);
			inputPaths = (
				"${PODS_PODFILE_DIR_PATH}/Podfile.lock",
				"${PODS_ROOT}/Manifest.lock",
			);
			name = "[CP] Check Pods Manifest.lock";
			outputFileListPaths = (
			);
			outputPaths = (
				"$(DERIVED_FILE_DIR)/Pods-Translate.it iOS-checkManifestLockResult.txt",
			);
			runOnlyForDeploymentPostprocessing = 0;
			shellPath = /bin/sh;
			shellScript = "diff \"${PODS_PODFILE_DIR_PATH}/Podfile.lock\" \"${PODS_ROOT}/Manifest.lock\" > /dev/null\nif [ $? != 0 ] ; then\n    # print error to STDERR\n    echo \"error: The sandbox is not in sync with the Podfile.lock. Run 'pod install' or update your CocoaPods installation.\" >&2\n    exit 1\nfi\n# This output is used by Xcode 'outputs' to avoid re-running this script phase.\necho \"SUCCESS\" > \"${SCRIPT_OUTPUT_FILE_0}\"\n";
			showEnvVarsInLog = 0;
		};
/* End PBXShellScriptBuildPhase section */

/* Begin PBXSourcesBuildPhase section */
		D53BC0FC2675EF9500002AD7 /* Sources */ = {
			isa = PBXSourcesBuildPhase;
			buildActionMask = 2147483647;
			files = (
				D53BC1052675EF9500002AD7 /* ContentView.swift in Sources */,
				D53BC1182676267E00002AD7 /* SettingsView.swift in Sources */,
				D53BC1102675EFE900002AD7 /* PositivityDetection 1.mlmodel in Sources */,
				D53BC11B267627B100002AD7 /* LanguageDetection.swift in Sources */,
				D53BC121267627F500002AD7 /* PeoplePlacesOrganisationDetection.swift in Sources */,
				D53BC1032675EF9500002AD7 /* Translate_it_macOSApp.swift in Sources */,
				D53BC1192676268400002AD7 /* Translation.swift in Sources */,
				D53BC11D267627C300002AD7 /* TextSpeechClassification.swift in Sources */,
				D53BC11F267627D900002AD7 /* PositivityDetection.swift in Sources */,
			);
			runOnlyForDeploymentPostprocessing = 0;
		};
		D549D07926601E1B00BEC18D /* Sources */ = {
			isa = PBXSourcesBuildPhase;
			buildActionMask = 2147483647;
			files = (
				D531938826653479005A14CC /* PeoplePlacesOrganisationDetection.swift in Sources */,
				D549D08326601E1C00BEC18D /* ContentView.swift in Sources */,
				D554014A2664C3E400FAF503 /* PositivityDetection 1.mlmodel in Sources */,
				D5D2C996266A765D00E3F53A /* Translation.swift in Sources */,
				D53BC12626764E3600002AD7 /* SmartReply.swift in Sources */,
				D549D08126601E1C00BEC18D /* Translate_itApp.swift in Sources */,
				D545285F2667BDE90080B35E /* TextSpeechClassification.swift in Sources */,
				D5D2C994266A702D00E3F53A /* LanguageDetection.swift in Sources */,
				D5F5FD8F2662B7350000C17A /* PositivityDetection.swift in Sources */,
			);
			runOnlyForDeploymentPostprocessing = 0;
		};
/* End PBXSourcesBuildPhase section */

/* Begin XCBuildConfiguration section */
		D53BC10E2675EF9A00002AD7 /* Debug */ = {
			isa = XCBuildConfiguration;
			buildSettings = {
				ASSETCATALOG_COMPILER_APPICON_NAME = AppIcon;
				ASSETCATALOG_COMPILER_GLOBAL_ACCENT_COLOR_NAME = AccentColor;
				CODE_SIGN_ENTITLEMENTS = "Translate.it macOS/Translate_it_macOS.entitlements";
				CODE_SIGN_IDENTITY = "-";
				CODE_SIGN_STYLE = Automatic;
				COMBINE_HIDPI_IMAGES = YES;
				CURRENT_PROJECT_VERSION = 1;
				DEVELOPMENT_ASSET_PATHS = "\"Translate.it macOS/Preview Content\"";
				DEVELOPMENT_TEAM = ZWASU9HFBU;
				ENABLE_HARDENED_RUNTIME = YES;
				ENABLE_PREVIEWS = YES;
				INFOPLIST_FILE = "Translate.it macOS/Info.plist";
				LD_RUNPATH_SEARCH_PATHS = (
					"$(inherited)",
					"@executable_path/../Frameworks",
				);
				MACOSX_DEPLOYMENT_TARGET = 11.0;
				MARKETING_VERSION = 1.1.1;
				PRODUCT_BUNDLE_IDENTIFIER = "com.MSJ.Translate-it-macOS";
				PRODUCT_NAME = "$(TARGET_NAME)";
				SDKROOT = macosx;
				SWIFT_VERSION = 5.0;
			};
			name = Debug;
		};
		D53BC10F2675EF9A00002AD7 /* Release */ = {
			isa = XCBuildConfiguration;
			buildSettings = {
				ASSETCATALOG_COMPILER_APPICON_NAME = AppIcon;
				ASSETCATALOG_COMPILER_GLOBAL_ACCENT_COLOR_NAME = AccentColor;
				CODE_SIGN_ENTITLEMENTS = "Translate.it macOS/Translate_it_macOS.entitlements";
				CODE_SIGN_IDENTITY = "-";
				CODE_SIGN_STYLE = Automatic;
				COMBINE_HIDPI_IMAGES = YES;
				CURRENT_PROJECT_VERSION = 1;
				DEVELOPMENT_ASSET_PATHS = "\"Translate.it macOS/Preview Content\"";
				DEVELOPMENT_TEAM = ZWASU9HFBU;
				ENABLE_HARDENED_RUNTIME = YES;
				ENABLE_PREVIEWS = YES;
				INFOPLIST_FILE = "Translate.it macOS/Info.plist";
				LD_RUNPATH_SEARCH_PATHS = (
					"$(inherited)",
					"@executable_path/../Frameworks",
				);
				MACOSX_DEPLOYMENT_TARGET = 11.0;
				MARKETING_VERSION = 1.1.1;
				PRODUCT_BUNDLE_IDENTIFIER = "com.MSJ.Translate-it-macOS";
				PRODUCT_NAME = "$(TARGET_NAME)";
				SDKROOT = macosx;
				SWIFT_VERSION = 5.0;
			};
			name = Release;
		};
		D549D08A26601E1E00BEC18D /* Debug */ = {
			isa = XCBuildConfiguration;
			buildSettings = {
				ALWAYS_SEARCH_USER_PATHS = NO;
				CLANG_ANALYZER_NONNULL = YES;
				CLANG_ANALYZER_NUMBER_OBJECT_CONVERSION = YES_AGGRESSIVE;
				CLANG_CXX_LANGUAGE_STANDARD = "gnu++14";
				CLANG_CXX_LIBRARY = "libc++";
				CLANG_ENABLE_MODULES = YES;
				CLANG_ENABLE_OBJC_ARC = YES;
				CLANG_ENABLE_OBJC_WEAK = YES;
				CLANG_WARN_BLOCK_CAPTURE_AUTORELEASING = YES;
				CLANG_WARN_BOOL_CONVERSION = YES;
				CLANG_WARN_COMMA = YES;
				CLANG_WARN_CONSTANT_CONVERSION = YES;
				CLANG_WARN_DEPRECATED_OBJC_IMPLEMENTATIONS = YES;
				CLANG_WARN_DIRECT_OBJC_ISA_USAGE = YES_ERROR;
				CLANG_WARN_DOCUMENTATION_COMMENTS = YES;
				CLANG_WARN_EMPTY_BODY = YES;
				CLANG_WARN_ENUM_CONVERSION = YES;
				CLANG_WARN_INFINITE_RECURSION = YES;
				CLANG_WARN_INT_CONVERSION = YES;
				CLANG_WARN_NON_LITERAL_NULL_CONVERSION = YES;
				CLANG_WARN_OBJC_IMPLICIT_RETAIN_SELF = YES;
				CLANG_WARN_OBJC_LITERAL_CONVERSION = YES;
				CLANG_WARN_OBJC_ROOT_CLASS = YES_ERROR;
				CLANG_WARN_QUOTED_INCLUDE_IN_FRAMEWORK_HEADER = YES;
				CLANG_WARN_RANGE_LOOP_ANALYSIS = YES;
				CLANG_WARN_STRICT_PROTOTYPES = YES;
				CLANG_WARN_SUSPICIOUS_MOVE = YES;
				CLANG_WARN_UNGUARDED_AVAILABILITY = YES_AGGRESSIVE;
				CLANG_WARN_UNREACHABLE_CODE = YES;
				CLANG_WARN__DUPLICATE_METHOD_MATCH = YES;
				COPY_PHASE_STRIP = NO;
				DEBUG_INFORMATION_FORMAT = dwarf;
				ENABLE_STRICT_OBJC_MSGSEND = YES;
				ENABLE_TESTABILITY = YES;
				GCC_C_LANGUAGE_STANDARD = gnu11;
				GCC_DYNAMIC_NO_PIC = NO;
				GCC_NO_COMMON_BLOCKS = YES;
				GCC_OPTIMIZATION_LEVEL = 0;
				GCC_PREPROCESSOR_DEFINITIONS = (
					"DEBUG=1",
					"$(inherited)",
				);
				GCC_WARN_64_TO_32_BIT_CONVERSION = YES;
				GCC_WARN_ABOUT_RETURN_TYPE = YES_ERROR;
				GCC_WARN_UNDECLARED_SELECTOR = YES;
				GCC_WARN_UNINITIALIZED_AUTOS = YES_AGGRESSIVE;
				GCC_WARN_UNUSED_FUNCTION = YES;
				GCC_WARN_UNUSED_VARIABLE = YES;
				IPHONEOS_DEPLOYMENT_TARGET = 14.5;
				MTL_ENABLE_DEBUG_INFO = INCLUDE_SOURCE;
				MTL_FAST_MATH = YES;
				ONLY_ACTIVE_ARCH = YES;
				SDKROOT = iphoneos;
				SWIFT_ACTIVE_COMPILATION_CONDITIONS = DEBUG;
				SWIFT_OPTIMIZATION_LEVEL = "-Onone";
			};
			name = Debug;
		};
		D549D08B26601E1E00BEC18D /* Release */ = {
			isa = XCBuildConfiguration;
			buildSettings = {
				ALWAYS_SEARCH_USER_PATHS = NO;
				CLANG_ANALYZER_NONNULL = YES;
				CLANG_ANALYZER_NUMBER_OBJECT_CONVERSION = YES_AGGRESSIVE;
				CLANG_CXX_LANGUAGE_STANDARD = "gnu++14";
				CLANG_CXX_LIBRARY = "libc++";
				CLANG_ENABLE_MODULES = YES;
				CLANG_ENABLE_OBJC_ARC = YES;
				CLANG_ENABLE_OBJC_WEAK = YES;
				CLANG_WARN_BLOCK_CAPTURE_AUTORELEASING = YES;
				CLANG_WARN_BOOL_CONVERSION = YES;
				CLANG_WARN_COMMA = YES;
				CLANG_WARN_CONSTANT_CONVERSION = YES;
				CLANG_WARN_DEPRECATED_OBJC_IMPLEMENTATIONS = YES;
				CLANG_WARN_DIRECT_OBJC_ISA_USAGE = YES_ERROR;
				CLANG_WARN_DOCUMENTATION_COMMENTS = YES;
				CLANG_WARN_EMPTY_BODY = YES;
				CLANG_WARN_ENUM_CONVERSION = YES;
				CLANG_WARN_INFINITE_RECURSION = YES;
				CLANG_WARN_INT_CONVERSION = YES;
				CLANG_WARN_NON_LITERAL_NULL_CONVERSION = YES;
				CLANG_WARN_OBJC_IMPLICIT_RETAIN_SELF = YES;
				CLANG_WARN_OBJC_LITERAL_CONVERSION = YES;
				CLANG_WARN_OBJC_ROOT_CLASS = YES_ERROR;
				CLANG_WARN_QUOTED_INCLUDE_IN_FRAMEWORK_HEADER = YES;
				CLANG_WARN_RANGE_LOOP_ANALYSIS = YES;
				CLANG_WARN_STRICT_PROTOTYPES = YES;
				CLANG_WARN_SUSPICIOUS_MOVE = YES;
				CLANG_WARN_UNGUARDED_AVAILABILITY = YES_AGGRESSIVE;
				CLANG_WARN_UNREACHABLE_CODE = YES;
				CLANG_WARN__DUPLICATE_METHOD_MATCH = YES;
				COPY_PHASE_STRIP = NO;
				DEBUG_INFORMATION_FORMAT = "dwarf-with-dsym";
				ENABLE_NS_ASSERTIONS = NO;
				ENABLE_STRICT_OBJC_MSGSEND = YES;
				GCC_C_LANGUAGE_STANDARD = gnu11;
				GCC_NO_COMMON_BLOCKS = YES;
				GCC_WARN_64_TO_32_BIT_CONVERSION = YES;
				GCC_WARN_ABOUT_RETURN_TYPE = YES_ERROR;
				GCC_WARN_UNDECLARED_SELECTOR = YES;
				GCC_WARN_UNINITIALIZED_AUTOS = YES_AGGRESSIVE;
				GCC_WARN_UNUSED_FUNCTION = YES;
				GCC_WARN_UNUSED_VARIABLE = YES;
				IPHONEOS_DEPLOYMENT_TARGET = 14.5;
				MTL_ENABLE_DEBUG_INFO = NO;
				MTL_FAST_MATH = YES;
				SDKROOT = iphoneos;
				SWIFT_COMPILATION_MODE = wholemodule;
				SWIFT_OPTIMIZATION_LEVEL = "-O";
				VALIDATE_PRODUCT = YES;
			};
			name = Release;
		};
		D549D08D26601E1E00BEC18D /* Debug */ = {
			isa = XCBuildConfiguration;
			baseConfigurationReference = 33EE05F6F412D3EEBCD77822 /* Pods-Translate.it iOS.debug.xcconfig */;
			buildSettings = {
				ASSETCATALOG_COMPILER_APPICON_NAME = AppIcon;
				ASSETCATALOG_COMPILER_GLOBAL_ACCENT_COLOR_NAME = AccentColor;
				CODE_SIGN_STYLE = Automatic;
				CURRENT_PROJECT_VERSION = 1;
				DEVELOPMENT_ASSET_PATHS = "\"Translate.it/Preview Content\"";
				DEVELOPMENT_TEAM = ZWASU9HFBU;
				ENABLE_PREVIEWS = YES;
				INFOPLIST_FILE = Translate.it/Info.plist;
				IPHONEOS_DEPLOYMENT_TARGET = 14.0;
				LD_RUNPATH_SEARCH_PATHS = (
					"$(inherited)",
					"@executable_path/Frameworks",
				);
				MARKETING_VERSION = 1.1.1;
				PRODUCT_BUNDLE_IDENTIFIER = "com.MSJ.Translate-it";
				PRODUCT_NAME = "$(TARGET_NAME)";
				SWIFT_VERSION = 5.0;
				TARGETED_DEVICE_FAMILY = "1,2";
			};
			name = Debug;
		};
		D549D08E26601E1E00BEC18D /* Release */ = {
			isa = XCBuildConfiguration;
			baseConfigurationReference = 3B8FF87148FDCE07A4656893 /* Pods-Translate.it iOS.release.xcconfig */;
			buildSettings = {
				ASSETCATALOG_COMPILER_APPICON_NAME = AppIcon;
				ASSETCATALOG_COMPILER_GLOBAL_ACCENT_COLOR_NAME = AccentColor;
				CODE_SIGN_STYLE = Automatic;
				CURRENT_PROJECT_VERSION = 1;
				DEVELOPMENT_ASSET_PATHS = "\"Translate.it/Preview Content\"";
				DEVELOPMENT_TEAM = ZWASU9HFBU;
				ENABLE_PREVIEWS = YES;
				INFOPLIST_FILE = Translate.it/Info.plist;
				IPHONEOS_DEPLOYMENT_TARGET = 14.0;
				LD_RUNPATH_SEARCH_PATHS = (
					"$(inherited)",
					"@executable_path/Frameworks",
				);
				MARKETING_VERSION = 1.1.1;
				PRODUCT_BUNDLE_IDENTIFIER = "com.MSJ.Translate-it";
				PRODUCT_NAME = "$(TARGET_NAME)";
				SWIFT_VERSION = 5.0;
				TARGETED_DEVICE_FAMILY = "1,2";
			};
			name = Release;
		};
/* End XCBuildConfiguration section */

/* Begin XCConfigurationList section */
		D53BC10D2675EF9A00002AD7 /* Build configuration list for PBXNativeTarget "Translate.it" */ = {
			isa = XCConfigurationList;
			buildConfigurations = (
				D53BC10E2675EF9A00002AD7 /* Debug */,
				D53BC10F2675EF9A00002AD7 /* Release */,
			);
			defaultConfigurationIsVisible = 0;
			defaultConfigurationName = Release;
		};
		D549D07826601E1B00BEC18D /* Build configuration list for PBXProject "Translate.it" */ = {
			isa = XCConfigurationList;
			buildConfigurations = (
				D549D08A26601E1E00BEC18D /* Debug */,
				D549D08B26601E1E00BEC18D /* Release */,
			);
			defaultConfigurationIsVisible = 0;
			defaultConfigurationName = Release;
		};
		D549D08C26601E1E00BEC18D /* Build configuration list for PBXNativeTarget "Translate.it iOS" */ = {
			isa = XCConfigurationList;
			buildConfigurations = (
				D549D08D26601E1E00BEC18D /* Debug */,
				D549D08E26601E1E00BEC18D /* Release */,
			);
			defaultConfigurationIsVisible = 0;
			defaultConfigurationName = Release;
		};
/* End XCConfigurationList section */

/* Begin XCRemoteSwiftPackageReference section */
		D53CC44C2677FDB200A65E5A /* XCRemoteSwiftPackageReference "SwiftyTranslate" */ = {
			isa = XCRemoteSwiftPackageReference;
			repositoryURL = "https://github.com/cpageler93/SwiftyTranslate";
			requirement = {
				kind = upToNextMajorVersion;
				minimumVersion = 1.0.0;
			};
		};
/* End XCRemoteSwiftPackageReference section */

/* Begin XCSwiftPackageProductDependency section */
		D53CC44D2677FDB200A65E5A /* SwiftyTranslate */ = {
			isa = XCSwiftPackageProductDependency;
			package = D53CC44C2677FDB200A65E5A /* XCRemoteSwiftPackageReference "SwiftyTranslate" */;
			productName = SwiftyTranslate;
		};
/* End XCSwiftPackageProductDependency section */
	};
	rootObject = D549D07526601E1B00BEC18D /* Project object */;
}
